
Microsoft Visual Studio Solution File, Format Version 12.00
# Visual Studio Version 16
VisualStudioVersion = 16.0.30711.63
MinimumVisualStudioVersion = 10.0.40219.1
Project("{9A19103F-16F7-4668-BE54-9A1E7A4F7556}") = "APITopicTwister", "APITopicTwister\APITopicTwister.csproj", "{8DC578AF-62BF-44C1-99A9-04DB2CB70F80}"
EndProject
Project("{9A19103F-16F7-4668-BE54-9A1E7A4F7556}") = "Services", "Services\Services.csproj", "{51733587-CCD2-4A34-B046-3C97EE9F9B4D}"
EndProject
Project("{9A19103F-16F7-4668-BE54-9A1E7A4F7556}") = "Models", "Models\Models.csproj", "{F41BB8AB-021D-4649-9888-BBFF88E67147}"
EndProject
Project("{9A19103F-16F7-4668-BE54-9A1E7A4F7556}") = "Tests", "Tests\Tests.csproj", "{996424BE-E772-4038-8C9F-8DF1D367EE05}"
EndProject
Project("{FAE04EC0-301F-11D3-BF4B-00C04F79EFBC}") = "Repository", "Repository\Repository.csproj", "{37501915-5407-4F77-8B50-0806253993A2}"
EndProject
Global
	GlobalSection(SolutionConfigurationPlatforms) = preSolution
		Debug|Any CPU = Debug|Any CPU
		Release|Any CPU = Release|Any CPU
	EndGlobalSection
	GlobalSection(ProjectConfigurationPlatforms) = postSolution
		{8DC578AF-62BF-44C1-99A9-04DB2CB70F80}.Debug|Any CPU.ActiveCfg = Debug|Any CPU
		{8DC578AF-62BF-44C1-99A9-04DB2CB70F80}.Debug|Any CPU.Build.0 = Debug|Any CPU
		{8DC578AF-62BF-44C1-99A9-04DB2CB70F80}.Release|Any CPU.ActiveCfg = Release|Any CPU
		{8DC578AF-62BF-44C1-99A9-04DB2CB70F80}.Release|Any CPU.Build.0 = Release|Any CPU
		{51733587-CCD2-4A34-B046-3C97EE9F9B4D}.Debug|Any CPU.ActiveCfg = Debug|Any CPU
		{51733587-CCD2-4A34-B046-3C97EE9F9B4D}.Debug|Any CPU.Build.0 = Debug|Any CPU
		{51733587-CCD2-4A34-B046-3C97EE9F9B4D}.Release|Any CPU.ActiveCfg = Release|Any CPU
		{51733587-CCD2-4A34-B046-3C97EE9F9B4D}.Release|Any CPU.Build.0 = Release|Any CPU
		{F41BB8AB-021D-4649-9888-BBFF88E67147}.Debug|Any CPU.ActiveCfg = Debug|Any CPU
		{F41BB8AB-021D-4649-9888-BBFF88E67147}.Debug|Any CPU.Build.0 = Debug|Any CPU
		{F41BB8AB-021D-4649-9888-BBFF88E67147}.Release|Any CPU.ActiveCfg = Release|Any CPU
		{F41BB8AB-021D-4649-9888-BBFF88E67147}.Release|Any CPU.Build.0 = Release|Any CPU
		{996424BE-E772-4038-8C9F-8DF1D367EE05}.Debug|Any CPU.ActiveCfg = Debug|Any CPU
		{996424BE-E772-4038-8C9F-8DF1D367EE05}.Debug|Any CPU.Build.0 = Debug|Any CPU
		{996424BE-E772-4038-8C9F-8DF1D367EE05}.Release|Any CPU.ActiveCfg = Release|Any CPU
		{996424BE-E772-4038-8C9F-8DF1D367EE05}.Release|Any CPU.Build.0 = Release|Any CPU
		{37501915-5407-4F77-8B50-0806253993A2}.Debug|Any CPU.ActiveCfg = Debug|Any CPU
		{37501915-5407-4F77-8B50-0806253993A2}.Debug|Any CPU.Build.0 = Debug|Any CPU
		{37501915-5407-4F77-8B50-0806253993A2}.Release|Any CPU.ActiveCfg = Release|Any CPU
		{37501915-5407-4F77-8B50-0806253993A2}.Release|Any CPU.Build.0 = Release|Any CPU
	EndGlobalSection
	GlobalSection(SolutionProperties) = preSolution
		HideSolutionNode = FALSE
	EndGlobalSection
	GlobalSection(ExtensibilityGlobals) = postSolution
		SolutionGuid = {9A4A6FB6-71F7-44EE-B68C-8F71CB017F7F}
	EndGlobalSection
EndGlobal
